
Microsoft Visual Studio Solution File, Format Version 12.00
# Visual Studio Version 16
VisualStudioVersion = 16.0.31702.278
MinimumVisualStudioVersion = 10.0.40219.1
Project("{FAE04EC0-301F-11D3-BF4B-00C04F79EFBC}") = "EduhomeTemplate", "EduhomeTemplate\EduhomeTemplate.csproj", "{FDF1D953-5A9E-4542-8B81-5BB8421BB241}"
EndProject
Global
	GlobalSection(SolutionConfigurationPlatforms) = preSolution
		Debug|Any CPU = Debug|Any CPU
		Release|Any CPU = Release|Any CPU
	EndGlobalSection
	GlobalSection(ProjectConfigurationPlatforms) = postSolution
		{FDF1D953-5A9E-4542-8B81-5BB8421BB241}.Debug|Any CPU.ActiveCfg = Debug|Any CPU
		{FDF1D953-5A9E-4542-8B81-5BB8421BB241}.Debug|Any CPU.Build.0 = Debug|Any CPU
		{FDF1D953-5A9E-4542-8B81-5BB8421BB241}.Release|Any CPU.ActiveCfg = Release|Any CPU
		{FDF1D953-5A9E-4542-8B81-5BB8421BB241}.Release|Any CPU.Build.0 = Release|Any CPU
	EndGlobalSection
	GlobalSection(SolutionProperties) = preSolution
		HideSolutionNode = FALSE
	EndGlobalSection
	GlobalSection(ExtensibilityGlobals) = postSolution
		SolutionGuid = {03783708-05F2-492C-AB1C-76711D6AA279}
	EndGlobalSection
EndGlobal
